{
  "name": "Wallet-in-react-Native-MERN-stack",
  "lockfileVersion": 3,
  "requires": true,
  "packages": {
    "": {
      "dependencies": {
        "@upstash/ratelimit": "^2.0.5",
        "@upstash/redis": "^1.34.9",
        "cross-fetch": "^4.1.0"
      }
    },
    "node_modules/@upstash/core-analytics": {
      "version": "0.0.10",
      "resolved": "https://registry.npmjs.org/@upstash/core-analytics/-/core-analytics-0.0.10.tgz",
      "integrity": "sha512-7qJHGxpQgQr9/vmeS1PktEwvNAF7TI4iJDi8Pu2CFZ9YUGHZH4fOP5TfYlZ4aVxfopnELiE4BS4FBjyK7V1/xQ==",
      "license": "MIT",
      "dependencies": {
        "@upstash/redis": "^1.28.3"
      },
      "engines": {
        "node": ">=16.0.0"
      }
    },
    "node_modules/@upstash/ratelimit": {
      "version": "2.0.5",
      "resolved": "https://registry.npmjs.org/@upstash/ratelimit/-/ratelimit-2.0.5.tgz",
      "integrity": "sha512-1FRv0cs3ZlBjCNOCpCmKYmt9BYGIJf0J0R3pucOPE88R21rL7jNjXG+I+rN/BVOvYJhI9niRAS/JaSNjiSICxA==",
      "license": "MIT",
      "dependencies": {
        "@upstash/core-analytics": "^0.0.10"
      },
      "peerDependencies": {
        "@upstash/redis": "^1.34.3"
      }
    },
    "node_modules/@upstash/redis": {
      "version": "1.34.9",
      "resolved": "https://registry.npmjs.org/@upstash/redis/-/redis-1.34.9.tgz",
      "integrity": "sha512-7qzzF2FQP5VxR2YUNjemWs+hl/8VzJJ6fOkT7O7kt9Ct8olEVzb1g6/ik6B8Pb8W7ZmYv81SdlVV9F6O8bh/gw==",
      "license": "MIT",
      "dependencies": {
        "crypto-js": "^4.2.0"
      }
    },
    "node_modules/cross-fetch": {
      "version": "4.1.0",
      "resolved": "https://registry.npmjs.org/cross-fetch/-/cross-fetch-4.1.0.tgz",
      "integrity": "sha512-uKm5PU+MHTootlWEY+mZ4vvXoCn4fLQxT9dSc1sXVMSFkINTJVN8cAQROpwcKm8bJ/c7rgZVIBWzH5T78sNZZw==",
      "license": "MIT",
      "dependencies": {
        "node-fetch": "^2.7.0"
      }
    },
    "node_modules/crypto-js": {
      "version": "4.2.0",
      "resolved": "https://registry.npmjs.org/crypto-js/-/crypto-js-4.2.0.tgz",
      "integrity": "sha512-KALDyEYgpY+Rlob/iriUtjV6d5Eq+Y191A5g4UqLAi8CyGP9N1+FdVbkc1SxKc2r4YAYqG8JzO2KGL+AizD70Q==",
      "license": "MIT"
    },
    "node_modules/node-fetch": {
      "version": "2.7.0",
      "resolved": "https://registry.npmjs.org/node-fetch/-/node-fetch-2.7.0.tgz",
      "integrity": "sha512-c4FRfUm/dbcWZ7U+1Wq0AwCyFL+3nt2bEw05wfxSz+DWpWsitgmSgYmy2dQdWyKC1694ELPqMs/YzUSNozLt8A==",
      "license": "MIT",
      "dependencies": {
        "whatwg-url": "^5.0.0"
      },
      "engines": {
        "node": "4.x || >=6.0.0"
      },
      "peerDependencies": {
        "encoding": "^0.1.0"
      },
      "peerDependenciesMeta": {
        "encoding": {
          "optional": true
        }
      }
    },
    "node_modules/tr46": {
      "version": "0.0.3",
      "resolved": "https://registry.npmjs.org/tr46/-/tr46-0.0.3.tgz",
      "integrity": "sha512-N3WMsuqV66lT30CrXNbEjx4GEwlow3v6rr4mCcv6prnfwhS01rkgyFdjPNBYd9br7LpXV1+Emh01fHnq2Gdgrw==",
      "license": "MIT"
    },
    "node_modules/webidl-conversions": {
      "version": "3.0.1",
      "resolved": "https://registry.npmjs.org/webidl-conversions/-/webidl-conversions-3.0.1.tgz",
      "integrity": "sha512-2JAn3z8AR6rjK8Sm8orRC0h/bcl/DqL7tRPdGZ4I1CjdF+EaMLmYxBHyXuKL849eucPFhvBoxMsflfOb8kxaeQ==",
      "license": "BSD-2-Clause"
    },
    "node_modules/whatwg-url": {
      "version": "5.0.0",
      "resolved": "https://registry.npmjs.org/whatwg-url/-/whatwg-url-5.0.0.tgz",
      "integrity": "sha512-saE57nupxk6v3HY35+jzBwYa0rKSy0XR8JSxZPwgLr7ys0IBzhGviA1/TUGJLmSVqs8pb9AnvICXEuOHLprYTw==",
      "license": "MIT",
      "dependencies": {
        "tr46": "~0.0.3",
        "webidl-conversions": "^3.0.0"
      }
    }
  }
}
